// !$*UTF8*$!
{
	archiveVersion = 1;
	classes = {
	};
	objectVersion = 50;
	objects = {

/* Begin PBXBuildFile section */
		2AC19749232A572E00B509A6 /* AppDelegate.swift in Sources */ = {isa = PBXBuildFile; fileRef = 2AC19748232A572E00B509A6 /* AppDelegate.swift */; };
		2AC1974B232A572E00B509A6 /* ViewController.swift in Sources */ = {isa = PBXBuildFile; fileRef = 2AC1974A232A572E00B509A6 /* ViewController.swift */; };
		2AC1974E232A572E00B509A6 /* Main.storyboard in Resources */ = {isa = PBXBuildFile; fileRef = 2AC1974C232A572E00B509A6 /* Main.storyboard */; };
		2AC19750232A573100B509A6 /* Assets.xcassets in Resources */ = {isa = PBXBuildFile; fileRef = 2AC1974F232A573100B509A6 /* Assets.xcassets */; };
		2AC19753232A573100B509A6 /* LaunchScreen.storyboard in Resources */ = {isa = PBXBuildFile; fileRef = 2AC19751232A573100B509A6 /* LaunchScreen.storyboard */; };
		2AC1975E232A573100B509A6 /* testTests.swift in Sources */ = {isa = PBXBuildFile; fileRef = 2AC1975D232A573100B509A6 /* testTests.swift */; };
		2AC19769232A573100B509A6 /* testUITests.swift in Sources */ = {isa = PBXBuildFile; fileRef = 2AC19768232A573100B509A6 /* testUITests.swift */; };
/* End PBXBuildFile section */

/* Begin PBXContainerItemProxy section */
		2AC1975A232A573100B509A6 /* PBXContainerItemProxy */ = {
			isa = PBXContainerItemProxy;
			containerPortal = 2AC1973D232A572E00B509A6 /* Project object */;
			proxyType = 1;
			remoteGlobalIDString = 2AC19744232A572E00B509A6;
			remoteInfo = test;
		};
		2AC19765232A573100B509A6 /* PBXContainerItemProxy */ = {
			isa = PBXContainerItemProxy;
			containerPortal = 2AC1973D232A572E00B509A6 /* Project object */;
			proxyType = 1;
			remoteGlobalIDString = 2AC19744232A572E00B509A6;
			remoteInfo = test;
		};
/* End PBXContainerItemProxy section */

/* Begin PBXFileReference section */
		2AC19745232A572E00B509A6 /* test.app */ = {isa = PBXFileReference; explicitFileType = wrapper.application; includeInIndex = 0; path = test.app; sourceTree = BUILT_PRODUCTS_DIR; };
		2AC19748232A572E00B509A6 /* AppDelegate.swift */ = {isa = PBXFileReference; lastKnownFileType = sourcecode.swift; path = AppDelegate.swift; sourceTree = "<group>"; };
		2AC1974A232A572E00B509A6 /* ViewController.swift */ = {isa = PBXFileReference; lastKnownFileType = sourcecode.swift; path = ViewController.swift; sourceTree = "<group>"; };
		2AC1974D232A572E00B509A6 /* Base */ = {isa = PBXFileReference; lastKnownFileType = file.storyboard; name = Base; path = Base.lproj/Main.storyboard; sourceTree = "<group>"; };
		2AC1974F232A573100B509A6 /* Assets.xcassets */ = {isa = PBXFileReference; lastKnownFileType = folder.assetcatalog; path = Assets.xcassets; sourceTree = "<group>"; };
		2AC19752232A573100B509A6 /* Base */ = {isa = PBXFileReference; lastKnownFileType = file.storyboard; name = Base; path = Base.lproj/LaunchScreen.storyboard; sourceTree = "<group>"; };
		2AC19754232A573100B509A6 /* Info.plist */ = {isa = PBXFileReference; lastKnownFileType = text.plist.xml; path = Info.plist; sourceTree = "<group>"; };
		2AC19759232A573100B509A6 /* testTests.xctest */ = {isa = PBXFileReference; explicitFileType = wrapper.cfbundle; includeInIndex = 0; path = testTests.xctest; sourceTree = BUILT_PRODUCTS_DIR; };
		2AC1975D232A573100B509A6 /* testTests.swift */ = {isa = PBXFileReference; lastKnownFileType = sourcecode.swift; path = testTests.swift; sourceTree = "<group>"; };
		2AC1975F232A573100B509A6 /* Info.plist */ = {isa = PBXFileReference; lastKnownFileType = text.plist.xml; path = Info.plist; sourceTree = "<group>"; };
		2AC19764232A573100B509A6 /* testUITests.xctest */ = {isa = PBXFileReference; explicitFileType = wrapper.cfbundle; includeInIndex = 0; path = testUITests.xctest; sourceTree = BUILT_PRODUCTS_DIR; };
		2AC19768232A573100B509A6 /* testUITests.swift */ = {isa = PBXFileReference; lastKnownFileType = sourcecode.swift; path = testUITests.swift; sourceTree = "<group>"; };
		2AC1976A232A573100B509A6 /* Info.plist */ = {isa = PBXFileReference; lastKnownFileType = text.plist.xml; path = Info.plist; sourceTree = "<group>"; };
/* End PBXFileReference section */

/* Begin PBXFrameworksBuildPhase section */
		2AC19742232A572E00B509A6 /* Frameworks */ = {
			isa = PBXFrameworksBuildPhase;
			buildActionMask = 2147483647;
			files = (
			);
			runOnlyForDeploymentPostprocessing = 0;
		};
		2AC19756232A573100B509A6 /* Frameworks */ = {
			isa = PBXFrameworksBuildPhase;
			buildActionMask = 2147483647;
			files = (
			);
			runOnlyForDeploymentPostprocessing = 0;
		};
		2AC19761232A573100B509A6 /* Frameworks */ = {
			isa = PBXFrameworksBuildPhase;
			buildActionMask = 2147483647;
			files = (
			);
			runOnlyForDeploymentPostprocessing = 0;
		};
/* End PBXFrameworksBuildPhase section */

/* Begin PBXGroup section */
		2AC1973C232A572E00B509A6 = {
			isa = PBXGroup;
			children = (
				2AC19747232A572E00B509A6 /* test */,
				2AC1975C232A573100B509A6 /* testTests */,
				2AC19767232A573100B509A6 /* testUITests */,
				2AC19746232A572E00B509A6 /* Products */,
			);
			sourceTree = "<group>";
		};
		2AC19746232A572E00B509A6 /* Products */ = {
			isa = PBXGroup;
			children = (
				2AC19745232A572E00B509A6 /* test.app */,
				2AC19759232A573100B509A6 /* testTests.xctest */,
				2AC19764232A573100B509A6 /* testUITests.xctest */,
			);
			name = Products;
			sourceTree = "<group>";
		};
		2AC19747232A572E00B509A6 /* test */ = {
			isa = PBXGroup;
			children = (
				2AC19748232A572E00B509A6 /* AppDelegate.swift */,
				2AC1974A232A572E00B509A6 /* ViewController.swift */,
				2AC1974C232A572E00B509A6 /* Main.storyboard */,
				2AC1974F232A573100B509A6 /* Assets.xcassets */,
				2AC19751232A573100B509A6 /* LaunchScreen.storyboard */,
				2AC19754232A573100B509A6 /* Info.plist */,
			);
			path = test;
			sourceTree = "<group>";
		};
		2AC1975C232A573100B509A6 /* testTests */ = {
			isa = PBXGroup;
			children = (
				2AC1975D232A573100B509A6 /* testTests.swift */,
				2AC1975F232A573100B509A6 /* Info.plist */,
			);
			path = testTests;
			sourceTree = "<group>";
		};
		2AC19767232A573100B509A6 /* testUITests */ = {
			isa = PBXGroup;
			children = (
				2AC19768232A573100B509A6 /* testUITests.swift */,
				2AC1976A232A573100B509A6 /* Info.plist */,
			);
			path = testUITests;
			sourceTree = "<group>";
		};
/* End PBXGroup section */

/* Begin PBXNativeTarget section */
		2AC19744232A572E00B509A6 /* test */ = {
			isa = PBXNativeTarget;
			buildConfigurationList = 2AC1976D232A573100B509A6 /* Build configuration list for PBXNativeTarget "test" */;
			buildPhases = (
				2AC19741232A572E00B509A6 /* Sources */,
				2AC19742232A572E00B509A6 /* Frameworks */,
				2AC19743232A572E00B509A6 /* Resources */,
			);
			buildRules = (
			);
			dependencies = (
			);
			name = test;
			productName = test;
			productReference = 2AC19745232A572E00B509A6 /* test.app */;
			productType = "com.apple.product-type.application";
		};
		2AC19758232A573100B509A6 /* testTests */ = {
			isa = PBXNativeTarget;
			buildConfigurationList = 2AC19770232A573100B509A6 /* Build configuration list for PBXNativeTarget "testTests" */;
			buildPhases = (
				2AC19755232A573100B509A6 /* Sources */,
				2AC19756232A573100B509A6 /* Frameworks */,
				2AC19757232A573100B509A6 /* Resources */,
			);
			buildRules = (
			);
			dependencies = (
				2AC1975B232A573100B509A6 /* PBXTargetDependency */,
			);
			name = testTests;
			productName = testTests;
			productReference = 2AC19759232A573100B509A6 /* testTests.xctest */;
			productType = "com.apple.product-type.bundle.unit-test";
		};
		2AC19763232A573100B509A6 /* testUITests */ = {
			isa = PBXNativeTarget;
			buildConfigurationList = 2AC19773232A573100B509A6 /* Build configuration list for PBXNativeTarget "testUITests" */;
			buildPhases = (
				2AC19760232A573100B509A6 /* Sources */,
				2AC19761232A573100B509A6 /* Frameworks */,
				2AC19762232A573100B509A6 /* Resources */,
			);
			buildRules = (
			);
			dependencies = (
				2AC19766232A573100B509A6 /* PBXTargetDependency */,
			);
			name = testUITests;
			productName = testUITests;
			productReference = 2AC19764232A573100B509A6 /* testUITests.xctest */;
			productType = "com.apple.product-type.bundle.ui-testing";
		};
/* End PBXNativeTarget section */

/* Begin PBXProject section */
		2AC1973D232A572E00B509A6 /* Project object */ = {
			isa = PBXProject;
			attributes = {
				LastSwiftUpdateCheck = 1030;
				LastUpgradeCheck = 1030;
				ORGANIZATIONNAME = "梁有希";
				TargetAttributes = {
					2AC19744232A572E00B509A6 = {
						CreatedOnToolsVersion = 10.3;
					};
					2AC19758232A573100B509A6 = {
						CreatedOnToolsVersion = 10.3;
						TestTargetID = 2AC19744232A572E00B509A6;
					};
					2AC19763232A573100B509A6 = {
						CreatedOnToolsVersion = 10.3;
						TestTargetID = 2AC19744232A572E00B509A6;
					};
				};
			};
			buildConfigurationList = 2AC19740232A572E00B509A6 /* Build configuration list for PBXProject "test" */;
			compatibilityVersion = "Xcode 9.3";
			developmentRegion = en;
			hasScannedForEncodings = 0;
			knownRegions = (
				en,
				Base,
			);
			mainGroup = 2AC1973C232A572E00B509A6;
			productRefGroup = 2AC19746232A572E00B509A6 /* Products */;
			projectDirPath = "";
			projectRoot = "";
			targets = (
				2AC19744232A572E00B509A6 /* test */,
				2AC19758232A573100B509A6 /* testTests */,
				2AC19763232A573100B509A6 /* testUITests */,
			);
		};
/* End PBXProject section */

/* Begin PBXResourcesBuildPhase section */
		2AC19743232A572E00B509A6 /* Resources */ = {
			isa = PBXResourcesBuildPhase;
			buildActionMask = 2147483647;
			files = (
				2AC19753232A573100B509A6 /* LaunchScreen.storyboard in Resources */,
				2AC19750232A573100B509A6 /* Assets.xcassets in Resources */,
				2AC1974E232A572E00B509A6 /* Main.storyboard in Resources */,
			);
			runOnlyForDeploymentPostprocessing = 0;
		};
		2AC19757232A573100B509A6 /* Resources */ = {
			isa = PBXResourcesBuildPhase;
			buildActionMask = 2147483647;
			files = (
			);
			runOnlyForDeploymentPostprocessing = 0;
		};
		2AC19762232A573100B509A6 /* Resources */ = {
			isa = PBXResourcesBuildPhase;
			buildActionMask = 2147483647;
			files = (
			);
			runOnlyForDeploymentPostprocessing = 0;
		};
/* End PBXResourcesBuildPhase section */

/* Begin PBXSourcesBuildPhase section */
		2AC19741232A572E00B509A6 /* Sources */ = {
			isa = PBXSourcesBuildPhase;
			buildActionMask = 2147483647;
			files = (
				2AC1974B232A572E00B509A6 /* ViewController.swift in Sources */,
				2AC19749232A572E00B509A6 /* AppDelegate.swift in Sources */,
			);
			runOnlyForDeploymentPostprocessing = 0;
		};
		2AC19755232A573100B509A6 /* Sources */ = {
			isa = PBXSourcesBuildPhase;
			buildActionMask = 2147483647;
			files = (
				2AC1975E232A573100B509A6 /* testTests.swift in Sources */,
			);
			runOnlyForDeploymentPostprocessing = 0;
		};
		2AC19760232A573100B509A6 /* Sources */ = {
			isa = PBXSourcesBuildPhase;
			buildActionMask = 2147483647;
			files = (
				2AC19769232A573100B509A6 /* testUITests.swift in Sources */,
			);
			runOnlyForDeploymentPostprocessing = 0;
		};
/* End PBXSourcesBuildPhase section */

/* Begin PBXTargetDependency section */
		2AC1975B232A573100B509A6 /* PBXTargetDependency */ = {
			isa = PBXTargetDependency;
			target = 2AC19744232A572E00B509A6 /* test */;
			targetProxy = 2AC1975A232A573100B509A6 /* PBXContainerItemProxy */;
		};
		2AC19766232A573100B509A6 /* PBXTargetDependency */ = {
			isa = PBXTargetDependency;
			target = 2AC19744232A572E00B509A6 /* test */;
			targetProxy = 2AC19765232A573100B509A6 /* PBXContainerItemProxy */;
		};
/* End PBXTargetDependency section */

/* Begin PBXVariantGroup section */
		2AC1974C232A572E00B509A6 /* Main.storyboard */ = {
			isa = PBXVariantGroup;
			children = (
				2AC1974D232A572E00B509A6 /* Base */,
			);
			name = Main.storyboard;
			sourceTree = "<group>";
		};
		2AC19751232A573100B509A6 /* LaunchScreen.storyboard */ = {
			isa = PBXVariantGroup;
			children = (
				2AC19752232A573100B509A6 /* Base */,
			);
			name = LaunchScreen.storyboard;
			sourceTree = "<group>";
		};
/* End PBXVariantGroup section */

/* Begin XCBuildConfiguration section */
		2AC1976B232A573100B509A6 /* Debug */ = {
			isa = XCBuildConfiguration;
			buildSettings = {
				ALWAYS_SEARCH_USER_PATHS = NO;
				CLANG_ANALYZER_NONNULL = YES;
				CLANG_ANALYZER_NUMBER_OBJECT_CONVERSION = YES_AGGRESSIVE;
				CLANG_CXX_LANGUAGE_STANDARD = "gnu++14";
				CLANG_CXX_LIBRARY = "libc++";
				CLANG_ENABLE_MODULES = YES;
				CLANG_ENABLE_OBJC_ARC = YES;
				CLANG_ENABLE_OBJC_WEAK = YES;
				CLANG_WARN_BLOCK_CAPTURE_AUTORELEASING = YES;
				CLANG_WARN_BOOL_CONVERSION = YES;
				CLANG_WARN_COMMA = YES;
				CLANG_WARN_CONSTANT_CONVERSION = YES;
				CLANG_WARN_DEPRECATED_OBJC_IMPLEMENTATIONS = YES;
				CLANG_WARN_DIRECT_OBJC_ISA_USAGE = YES_ERROR;
				CLANG_WARN_DOCUMENTATION_COMMENTS = YES;
				CLANG_WARN_EMPTY_BODY = YES;
				CLANG_WARN_ENUM_CONVERSION = YES;
				CLANG_WARN_INFINITE_RECURSION = YES;
				CLANG_WARN_INT_CONVERSION = YES;
				CLANG_WARN_NON_LITERAL_NULL_CONVERSION = YES;
				CLANG_WARN_OBJC_IMPLICIT_RETAIN_SELF = YES;
				CLANG_WARN_OBJC_LITERAL_CONVERSION = YES;
				CLANG_WARN_OBJC_ROOT_CLASS = YES_ERROR;
				CLANG_WARN_RANGE_LOOP_ANALYSIS = YES;
				CLANG_WARN_STRICT_PROTOTYPES = YES;
				CLANG_WARN_SUSPICIOUS_MOVE = YES;
				CLANG_WARN_UNGUARDED_AVAILABILITY = YES_AGGRESSIVE;
				CLANG_WARN_UNREACHABLE_CODE = YES;
				CLANG_WARN__DUPLICATE_METHOD_MATCH = YES;
				CODE_SIGN_IDENTITY = "iPhone Developer";
				COPY_PHASE_STRIP = NO;
				DEBUG_INFORMATION_FORMAT = dwarf;
				ENABLE_STRICT_OBJC_MSGSEND = YES;
				ENABLE_TESTABILITY = YES;
				GCC_C_LANGUAGE_STANDARD = gnu11;
				GCC_DYNAMIC_NO_PIC = NO;
				GCC_NO_COMMON_BLOCKS = YES;
				GCC_OPTIMIZATION_LEVEL = 0;
				GCC_PREPROCESSOR_DEFINITIONS = (
					"DEBUG=1",
					"$(inherited)",
				);
				GCC_WARN_64_TO_32_BIT_CONVERSION = YES;
				GCC_WARN_ABOUT_RETURN_TYPE = YES_ERROR;
				GCC_WARN_UNDECLARED_SELECTOR = YES;
				GCC_WARN_UNINITIALIZED_AUTOS = YES_AGGRESSIVE;
				GCC_WARN_UNUSED_FUNCTION = YES;
				GCC_WARN_UNUSED_VARIABLE = YES;
				IPHONEOS_DEPLOYMENT_TARGET = 12.4;
				MTL_ENABLE_DEBUG_INFO = INCLUDE_SOURCE;
				MTL_FAST_MATH = YES;
				ONLY_ACTIVE_ARCH = YES;
				SDKROOT = iphoneos;
				SWIFT_ACTIVE_COMPILATION_CONDITIONS = DEBUG;
				SWIFT_OPTIMIZATION_LEVEL = "-Onone";
			};
			name = Debug;
		};
		2AC1976C232A573100B509A6 /* Release */ = {
			isa = XCBuildConfiguration;
			buildSettings = {
				ALWAYS_SEARCH_USER_PATHS = NO;
				CLANG_ANALYZER_NONNULL = YES;
				CLANG_ANALYZER_NUMBER_OBJECT_CONVERSION = YES_AGGRESSIVE;
				CLANG_CXX_LANGUAGE_STANDARD = "gnu++14";
				CLANG_CXX_LIBRARY = "libc++";
				CLANG_ENABLE_MODULES = YES;
				CLANG_ENABLE_OBJC_ARC = YES;
				CLANG_ENABLE_OBJC_WEAK = YES;
				CLANG_WARN_BLOCK_CAPTURE_AUTORELEASING = YES;
				CLANG_WARN_BOOL_CONVERSION = YES;
				CLANG_WARN_COMMA = YES;
				CLANG_WARN_CONSTANT_CONVERSION = YES;
				CLANG_WARN_DEPRECATED_OBJC_IMPLEMENTATIONS = YES;
				CLANG_WARN_DIRECT_OBJC_ISA_USAGE = YES_ERROR;
				CLANG_WARN_DOCUMENTATION_COMMENTS = YES;
				CLANG_WARN_EMPTY_BODY = YES;
				CLANG_WARN_ENUM_CONVERSION = YES;
				CLANG_WARN_INFINITE_RECURSION = YES;
				CLANG_WARN_INT_CONVERSION = YES;
				CLANG_WARN_NON_LITERAL_NULL_CONVERSION = YES;
				CLANG_WARN_OBJC_IMPLICIT_RETAIN_SELF = YES;
				CLANG_WARN_OBJC_LITERAL_CONVERSION = YES;
				CLANG_WARN_OBJC_ROOT_CLASS = YES_ERROR;
				CLANG_WARN_RANGE_LOOP_ANALYSIS = YES;
				CLANG_WARN_STRICT_PROTOTYPES = YES;
				CLANG_WARN_SUSPICIOUS_MOVE = YES;
				CLANG_WARN_UNGUARDED_AVAILABILITY = YES_AGGRESSIVE;
				CLANG_WARN_UNREACHABLE_CODE = YES;
				CLANG_WARN__DUPLICATE_METHOD_MATCH = YES;
				CODE_SIGN_IDENTITY = "iPhone Developer";
				COPY_PHASE_STRIP = NO;
				DEBUG_INFORMATION_FORMAT = "dwarf-with-dsym";
				ENABLE_NS_ASSERTIONS = NO;
				ENABLE_STRICT_OBJC_MSGSEND = YES;
				GCC_C_LANGUAGE_STANDARD = gnu11;
				GCC_NO_COMMON_BLOCKS = YES;
				GCC_WARN_64_TO_32_BIT_CONVERSION = YES;
				GCC_WARN_ABOUT_RETURN_TYPE = YES_ERROR;
				GCC_WARN_UNDECLARED_SELECTOR = YES;
				GCC_WARN_UNINITIALIZED_AUTOS = YES_AGGRESSIVE;
				GCC_WARN_UNUSED_FUNCTION = YES;
				GCC_WARN_UNUSED_VARIABLE = YES;
				IPHONEOS_DEPLOYMENT_TARGET = 12.4;
				MTL_ENABLE_DEBUG_INFO = NO;
				MTL_FAST_MATH = YES;
				SDKROOT = iphoneos;
				SWIFT_COMPILATION_MODE = wholemodule;
				SWIFT_OPTIMIZATION_LEVEL = "-O";
				VALIDATE_PRODUCT = YES;
			};
			name = Release;
		};
		2AC1976E232A573100B509A6 /* Debug */ = {
			isa = XCBuildConfiguration;
			buildSettings = {
				ASSETCATALOG_COMPILER_APPICON_NAME = AppIcon;
				CODE_SIGN_STYLE = Automatic;
				INFOPLIST_FILE = test/Info.plist;
				LD_RUNPATH_SEARCH_PATHS = (
					"$(inherited)",
					"@executable_path/Frameworks",
				);
				PRODUCT_BUNDLE_IDENTIFIER = iphone.test;
				PRODUCT_NAME = "$(TARGET_NAME)";
				SWIFT_VERSION = 5.0;
				TARGETED_DEVICE_FAMILY = "1,2";
			};
			name = Debug;
		};
		2AC1976F232A573100B509A6 /* Release */ = {
			isa = XCBuildConfiguration;
			buildSettings = {
				ASSETCATALOG_COMPILER_APPICON_NAME = AppIcon;
				CODE_SIGN_STYLE = Automatic;
				INFOPLIST_FILE = test/Info.plist;
				LD_RUNPATH_SEARCH_PATHS = (
					"$(inherited)",
					"@executable_path/Frameworks",
				);
				PRODUCT_BUNDLE_IDENTIFIER = iphone.test;
				PRODUCT_NAME = "$(TARGET_NAME)";
				SWIFT_VERSION = 5.0;
				TARGETED_DEVICE_FAMILY = "1,2";
			};
			name = Release;
		};
		2AC19771232A573100B509A6 /* Debug */ = {
			isa = XCBuildConfiguration;
			buildSettings = {
				ALWAYS_EMBED_SWIFT_STANDARD_LIBRARIES = YES;
				BUNDLE_LOADER = "$(TEST_HOST)";
				CODE_SIGN_STYLE = Automatic;
				INFOPLIST_FILE = testTests/Info.plist;
				LD_RUNPATH_SEARCH_PATHS = (
					"$(inherited)",
					"@executable_path/Frameworks",
					"@loader_path/Frameworks",
				);
				PRODUCT_BUNDLE_IDENTIFIER = iphone.testTests;
				PRODUCT_NAME = "$(TARGET_NAME)";
				SWIFT_VERSION = 5.0;
				TARGETED_DEVICE_FAMILY = "1,2";
				TEST_HOST = "$(BUILT_PRODUCTS_DIR)/test.app/test";
			};
			name = Debug;
		};
		2AC19772232A573100B509A6 /* Release */ = {
			isa = XCBuildConfiguration;
			buildSettings = {
				ALWAYS_EMBED_SWIFT_STANDARD_LIBRARIES = YES;
				BUNDLE_LOADER = "$(TEST_HOST)";
				CODE_SIGN_STYLE = Automatic;
				INFOPLIST_FILE = testTests/Info.plist;
				LD_RUNPATH_SEARCH_PATHS = (
					"$(inherited)",
					"@executable_path/Frameworks",
					"@loader_path/Frameworks",
				);
				PRODUCT_BUNDLE_IDENTIFIER = iphone.testTests;
				PRODUCT_NAME = "$(TARGET_NAME)";
				SWIFT_VERSION = 5.0;
				TARGETED_DEVICE_FAMILY = "1,2";
				TEST_HOST = "$(BUILT_PRODUCTS_DIR)/test.app/test";
			};
			name = Release;
		};
		2AC19774232A573100B509A6 /* Debug */ = {
			isa = XCBuildConfiguration;
			buildSettings = {
				ALWAYS_EMBED_SWIFT_STANDARD_LIBRARIES = YES;
				CODE_SIGN_STYLE = Automatic;
				INFOPLIST_FILE = testUITests/Info.plist;
				LD_RUNPATH_SEARCH_PATHS = (
					"$(inherited)",
					"@executable_path/Frameworks",
					"@loader_path/Frameworks",
				);
				PRODUCT_BUNDLE_IDENTIFIER = iphone.testUITests;
				PRODUCT_NAME = "$(TARGET_NAME)";
				SWIFT_VERSION = 5.0;
				TARGETED_DEVICE_FAMILY = "1,2";
				TEST_TARGET_NAME = test;
			};
			name = Debug;
		};
		2AC19775232A573100B509A6 /* Release */ = {
			isa = XCBuildConfiguration;
			buildSettings = {
				ALWAYS_EMBED_SWIFT_STANDARD_LIBRARIES = YES;
				CODE_SIGN_STYLE = Automatic;
				INFOPLIST_FILE = testUITests/Info.plist;
				LD_RUNPATH_SEARCH_PATHS = (
					"$(inherited)",
					"@executable_path/Frameworks",
					"@loader_path/Frameworks",
				);
				PRODUCT_BUNDLE_IDENTIFIER = iphone.testUITests;
				PRODUCT_NAME = "$(TARGET_NAME)";
				SWIFT_VERSION = 5.0;
				TARGETED_DEVICE_FAMILY = "1,2";
				TEST_TARGET_NAME = test;
			};
			name = Release;
		};
/* End XCBuildConfiguration section */

/* Begin XCConfigurationList section */
		2AC19740232A572E00B509A6 /* Build configuration list for PBXProject "test" */ = {
			isa = XCConfigurationList;
			buildConfigurations = (
				2AC1976B232A573100B509A6 /* Debug */,
				2AC1976C232A573100B509A6 /* Release */,
			);
			defaultConfigurationIsVisible = 0;
			defaultConfigurationName = Release;
		};
		2AC1976D232A573100B509A6 /* Build configuration list for PBXNativeTarget "test" */ = {
			isa = XCConfigurationList;
			buildConfigurations = (
				2AC1976E232A573100B509A6 /* Debug */,
				2AC1976F232A573100B509A6 /* Release */,
			);
			defaultConfigurationIsVisible = 0;
			defaultConfigurationName = Release;
		};
		2AC19770232A573100B509A6 /* Build configuration list for PBXNativeTarget "testTests" */ = {
			isa = XCConfigurationList;
			buildConfigurations = (
				2AC19771232A573100B509A6 /* Debug */,
				2AC19772232A573100B509A6 /* Release */,
			);
			defaultConfigurationIsVisible = 0;
			defaultConfigurationName = Release;
		};
		2AC19773232A573100B509A6 /* Build configuration list for PBXNativeTarget "testUITests" */ = {
			isa = XCConfigurationList;
			buildConfigurations = (
				2AC19774232A573100B509A6 /* Debug */,
				2AC19775232A573100B509A6 /* Release */,
			);
			defaultConfigurationIsVisible = 0;
			defaultConfigurationName = Release;
		};
/* End XCConfigurationList section */
	};
	rootObject = 2AC1973D232A572E00B509A6 /* Project object */;
}
